// !$*UTF8*$!
{
	archiveVersion = 1;
	classes = {
	};
	objectVersion = 48;
	objects = {

/* Begin PBXBuildFile section */
		EA98B0911FF4374F002620DE /* Photo+CoreDataClass.swift in Sources */ = {isa = PBXBuildFile; fileRef = EA98B08F1FF4374F002620DE /* Photo+CoreDataClass.swift */; };
		EA98B0921FF4374F002620DE /* Photo+CoreDataProperties.swift in Sources */ = {isa = PBXBuildFile; fileRef = EA98B0901FF4374F002620DE /* Photo+CoreDataProperties.swift */; };
		EA98B0951FF43B50002620DE /* photoViewCell.swift in Sources */ = {isa = PBXBuildFile; fileRef = EA98B0941FF43B50002620DE /* photoViewCell.swift */; };
		EAFE51661FF2E81500BB2A29 /* AppDelegate.swift in Sources */ = {isa = PBXBuildFile; fileRef = EAFE51651FF2E81500BB2A29 /* AppDelegate.swift */; };
		EAFE516B1FF2E81500BB2A29 /* Main.storyboard in Resources */ = {isa = PBXBuildFile; fileRef = EAFE51691FF2E81500BB2A29 /* Main.storyboard */; };
		EAFE516E1FF2E81500BB2A29 /* Virtual_Tourist.xcdatamodeld in Sources */ = {isa = PBXBuildFile; fileRef = EAFE516C1FF2E81500BB2A29 /* Virtual_Tourist.xcdatamodeld */; };
		EAFE51701FF2E81500BB2A29 /* Assets.xcassets in Resources */ = {isa = PBXBuildFile; fileRef = EAFE516F1FF2E81500BB2A29 /* Assets.xcassets */; };
		EAFE51731FF2E81500BB2A29 /* LaunchScreen.storyboard in Resources */ = {isa = PBXBuildFile; fileRef = EAFE51711FF2E81500BB2A29 /* LaunchScreen.storyboard */; };
		EAFE517B1FF2EC5200BB2A29 /* PhotoAlbumViewController.swift in Sources */ = {isa = PBXBuildFile; fileRef = EAFE517A1FF2EC5200BB2A29 /* PhotoAlbumViewController.swift */; };
		EAFE517E1FF2F19600BB2A29 /* TraveLocationsViewController.swift in Sources */ = {isa = PBXBuildFile; fileRef = EAFE517D1FF2F19600BB2A29 /* TraveLocationsViewController.swift */; };
		EAFE51801FF3553D00BB2A29 /* Constants.swift in Sources */ = {isa = PBXBuildFile; fileRef = EAFE517F1FF3553D00BB2A29 /* Constants.swift */; };
		EAFE51821FF35B2C00BB2A29 /* CollectionCollectionViewController.swift in Sources */ = {isa = PBXBuildFile; fileRef = EAFE51811FF35B2C00BB2A29 /* CollectionCollectionViewController.swift */; };
		EAFE51841FF3616800BB2A29 /* CoreDataStack.swift in Sources */ = {isa = PBXBuildFile; fileRef = EAFE51831FF3616800BB2A29 /* CoreDataStack.swift */; };
		EAFE51A21FF3691500BB2A29 /* Pin+CoreDataClass.swift in Sources */ = {isa = PBXBuildFile; fileRef = EAFE519E1FF3691500BB2A29 /* Pin+CoreDataClass.swift */; };
		EAFE51A31FF3691500BB2A29 /* Pin+CoreDataProperties.swift in Sources */ = {isa = PBXBuildFile; fileRef = EAFE519F1FF3691500BB2A29 /* Pin+CoreDataProperties.swift */; };
		EAFE51A91FF36AF600BB2A29 /* CoreDataCollectionViewController.swift in Sources */ = {isa = PBXBuildFile; fileRef = EAFE51A81FF36AF600BB2A29 /* CoreDataCollectionViewController.swift */; };
		EAFE51AB1FF4021400BB2A29 /* PhotoAlbumLayout.swift in Sources */ = {isa = PBXBuildFile; fileRef = EAFE51AA1FF4021400BB2A29 /* PhotoAlbumLayout.swift */; };
/* End PBXBuildFile section */

/* Begin PBXFileReference section */
		EA98B08E1FF42A9C002620DE /* Virtual_Tourist2.xcdatamodel */ = {isa = PBXFileReference; lastKnownFileType = wrapper.xcdatamodel; path = Virtual_Tourist2.xcdatamodel; sourceTree = "<group>"; };
		EA98B08F1FF4374F002620DE /* Photo+CoreDataClass.swift */ = {isa = PBXFileReference; lastKnownFileType = sourcecode.swift; path = "Photo+CoreDataClass.swift"; sourceTree = "<group>"; };
		EA98B0901FF4374F002620DE /* Photo+CoreDataProperties.swift */ = {isa = PBXFileReference; lastKnownFileType = sourcecode.swift; path = "Photo+CoreDataProperties.swift"; sourceTree = "<group>"; };
		EA98B0941FF43B50002620DE /* photoViewCell.swift */ = {isa = PBXFileReference; lastKnownFileType = sourcecode.swift; path = photoViewCell.swift; sourceTree = "<group>"; };
		EAFE51621FF2E81500BB2A29 /* Virtual Tourist.app */ = {isa = PBXFileReference; explicitFileType = wrapper.application; includeInIndex = 0; path = "Virtual Tourist.app"; sourceTree = BUILT_PRODUCTS_DIR; };
		EAFE51651FF2E81500BB2A29 /* AppDelegate.swift */ = {isa = PBXFileReference; lastKnownFileType = sourcecode.swift; path = AppDelegate.swift; sourceTree = "<group>"; };
		EAFE516A1FF2E81500BB2A29 /* Base */ = {isa = PBXFileReference; lastKnownFileType = file.storyboard; name = Base; path = Base.lproj/Main.storyboard; sourceTree = "<group>"; };
		EAFE516D1FF2E81500BB2A29 /* Virtual_Tourist.xcdatamodel */ = {isa = PBXFileReference; lastKnownFileType = wrapper.xcdatamodel; path = Virtual_Tourist.xcdatamodel; sourceTree = "<group>"; };
		EAFE516F1FF2E81500BB2A29 /* Assets.xcassets */ = {isa = PBXFileReference; lastKnownFileType = folder.assetcatalog; path = Assets.xcassets; sourceTree = "<group>"; };
		EAFE51721FF2E81500BB2A29 /* Base */ = {isa = PBXFileReference; lastKnownFileType = file.storyboard; name = Base; path = Base.lproj/LaunchScreen.storyboard; sourceTree = "<group>"; };
		EAFE51741FF2E81500BB2A29 /* Info.plist */ = {isa = PBXFileReference; lastKnownFileType = text.plist.xml; path = Info.plist; sourceTree = "<group>"; };
		EAFE517A1FF2EC5200BB2A29 /* PhotoAlbumViewController.swift */ = {isa = PBXFileReference; lastKnownFileType = sourcecode.swift; path = PhotoAlbumViewController.swift; sourceTree = "<group>"; };
		EAFE517D1FF2F19600BB2A29 /* TraveLocationsViewController.swift */ = {isa = PBXFileReference; lastKnownFileType = sourcecode.swift; path = TraveLocationsViewController.swift; sourceTree = "<group>"; };
		EAFE517F1FF3553D00BB2A29 /* Constants.swift */ = {isa = PBXFileReference; lastKnownFileType = sourcecode.swift; path = Constants.swift; sourceTree = "<group>"; };
		EAFE51811FF35B2C00BB2A29 /* CollectionCollectionViewController.swift */ = {isa = PBXFileReference; lastKnownFileType = sourcecode.swift; path = CollectionCollectionViewController.swift; sourceTree = "<group>"; };
		EAFE51831FF3616800BB2A29 /* CoreDataStack.swift */ = {isa = PBXFileReference; lastKnownFileType = sourcecode.swift; path = CoreDataStack.swift; sourceTree = "<group>"; };
		EAFE519E1FF3691500BB2A29 /* Pin+CoreDataClass.swift */ = {isa = PBXFileReference; lastKnownFileType = sourcecode.swift; path = "Pin+CoreDataClass.swift"; sourceTree = "<group>"; };
		EAFE519F1FF3691500BB2A29 /* Pin+CoreDataProperties.swift */ = {isa = PBXFileReference; lastKnownFileType = sourcecode.swift; path = "Pin+CoreDataProperties.swift"; sourceTree = "<group>"; };
		EAFE51A81FF36AF600BB2A29 /* CoreDataCollectionViewController.swift */ = {isa = PBXFileReference; lastKnownFileType = sourcecode.swift; path = CoreDataCollectionViewController.swift; sourceTree = "<group>"; };
		EAFE51AA1FF4021400BB2A29 /* PhotoAlbumLayout.swift */ = {isa = PBXFileReference; lastKnownFileType = sourcecode.swift; path = PhotoAlbumLayout.swift; sourceTree = "<group>"; };
/* End PBXFileReference section */

/* Begin PBXFrameworksBuildPhase section */
		EAFE515F1FF2E81500BB2A29 /* Frameworks */ = {
			isa = PBXFrameworksBuildPhase;
			buildActionMask = 2147483647;
			files = (
			);
			runOnlyForDeploymentPostprocessing = 0;
		};
/* End PBXFrameworksBuildPhase section */

/* Begin PBXGroup section */
		EA98B0931FF43B17002620DE /* View */ = {
			isa = PBXGroup;
			children = (
				EA98B0941FF43B50002620DE /* photoViewCell.swift */,
			);
			path = View;
			sourceTree = "<group>";
		};
		EAFE51591FF2E81500BB2A29 = {
			isa = PBXGroup;
			children = (
				EAFE51641FF2E81500BB2A29 /* Virtual Tourist */,
				EAFE51631FF2E81500BB2A29 /* Products */,
			);
			sourceTree = "<group>";
		};
		EAFE51631FF2E81500BB2A29 /* Products */ = {
			isa = PBXGroup;
			children = (
				EAFE51621FF2E81500BB2A29 /* Virtual Tourist.app */,
			);
			name = Products;
			sourceTree = "<group>";
		};
		EAFE51641FF2E81500BB2A29 /* Virtual Tourist */ = {
			isa = PBXGroup;
			children = (
				EA98B0931FF43B17002620DE /* View */,
				EAFE518D1FF3629D00BB2A29 /* Model */,
				EAFE517C1FF2EC5D00BB2A29 /* Controllers */,
				EAFE51651FF2E81500BB2A29 /* AppDelegate.swift */,
				EAFE51691FF2E81500BB2A29 /* Main.storyboard */,
				EAFE516F1FF2E81500BB2A29 /* Assets.xcassets */,
				EAFE51711FF2E81500BB2A29 /* LaunchScreen.storyboard */,
				EAFE51741FF2E81500BB2A29 /* Info.plist */,
			);
			path = "Virtual Tourist";
			sourceTree = "<group>";
		};
		EAFE517C1FF2EC5D00BB2A29 /* Controllers */ = {
			isa = PBXGroup;
			children = (
				EAFE51A81FF36AF600BB2A29 /* CoreDataCollectionViewController.swift */,
				EAFE517A1FF2EC5200BB2A29 /* PhotoAlbumViewController.swift */,
				EAFE517D1FF2F19600BB2A29 /* TraveLocationsViewController.swift */,
				EAFE51811FF35B2C00BB2A29 /* CollectionCollectionViewController.swift */,
				EAFE51AA1FF4021400BB2A29 /* PhotoAlbumLayout.swift */,
			);
			path = Controllers;
			sourceTree = "<group>";
		};
		EAFE518D1FF3629D00BB2A29 /* Model */ = {
			isa = PBXGroup;
			children = (
				EAFE519E1FF3691500BB2A29 /* Pin+CoreDataClass.swift */,
				EAFE519F1FF3691500BB2A29 /* Pin+CoreDataProperties.swift */,
				EA98B08F1FF4374F002620DE /* Photo+CoreDataClass.swift */,
				EA98B0901FF4374F002620DE /* Photo+CoreDataProperties.swift */,
				EAFE517F1FF3553D00BB2A29 /* Constants.swift */,
				EAFE51831FF3616800BB2A29 /* CoreDataStack.swift */,
				EAFE516C1FF2E81500BB2A29 /* Virtual_Tourist.xcdatamodeld */,
			);
			path = Model;
			sourceTree = "<group>";
		};
/* End PBXGroup section */

/* Begin PBXNativeTarget section */
		EAFE51611FF2E81500BB2A29 /* Virtual Tourist */ = {
			isa = PBXNativeTarget;
			buildConfigurationList = EAFE51771FF2E81500BB2A29 /* Build configuration list for PBXNativeTarget "Virtual Tourist" */;
			buildPhases = (
				EAFE515E1FF2E81500BB2A29 /* Sources */,
				EAFE515F1FF2E81500BB2A29 /* Frameworks */,
				EAFE51601FF2E81500BB2A29 /* Resources */,
			);
			buildRules = (
			);
			dependencies = (
			);
			name = "Virtual Tourist";
			productName = "Virtual Tourist";
			productReference = EAFE51621FF2E81500BB2A29 /* Virtual Tourist.app */;
			productType = "com.apple.product-type.application";
		};
/* End PBXNativeTarget section */

/* Begin PBXProject section */
		EAFE515A1FF2E81500BB2A29 /* Project object */ = {
			isa = PBXProject;
			attributes = {
				LastSwiftUpdateCheck = 0920;
				LastUpgradeCheck = 0920;
				ORGANIZATIONNAME = "Jamie Nguyen";
				TargetAttributes = {
					EAFE51611FF2E81500BB2A29 = {
						CreatedOnToolsVersion = 9.2;
						ProvisioningStyle = Automatic;
					};
				};
			};
			buildConfigurationList = EAFE515D1FF2E81500BB2A29 /* Build configuration list for PBXProject "Virtual Tourist" */;
			compatibilityVersion = "Xcode 8.0";
			developmentRegion = en;
			hasScannedForEncodings = 0;
			knownRegions = (
				en,
				Base,
			);
			mainGroup = EAFE51591FF2E81500BB2A29;
			productRefGroup = EAFE51631FF2E81500BB2A29 /* Products */;
			projectDirPath = "";
			projectRoot = "";
			targets = (
				EAFE51611FF2E81500BB2A29 /* Virtual Tourist */,
			);
		};
/* End PBXProject section */

/* Begin PBXResourcesBuildPhase section */
		EAFE51601FF2E81500BB2A29 /* Resources */ = {
			isa = PBXResourcesBuildPhase;
			buildActionMask = 2147483647;
			files = (
				EAFE51731FF2E81500BB2A29 /* LaunchScreen.storyboard in Resources */,
				EAFE51701FF2E81500BB2A29 /* Assets.xcassets in Resources */,
				EAFE516B1FF2E81500BB2A29 /* Main.storyboard in Resources */,
			);
			runOnlyForDeploymentPostprocessing = 0;
		};
/* End PBXResourcesBuildPhase section */

/* Begin PBXSourcesBuildPhase section */
		EAFE515E1FF2E81500BB2A29 /* Sources */ = {
			isa = PBXSourcesBuildPhase;
			buildActionMask = 2147483647;
			files = (
				EAFE51AB1FF4021400BB2A29 /* PhotoAlbumLayout.swift in Sources */,
				EAFE51841FF3616800BB2A29 /* CoreDataStack.swift in Sources */,
				EA98B0921FF4374F002620DE /* Photo+CoreDataProperties.swift in Sources */,
				EAFE51A31FF3691500BB2A29 /* Pin+CoreDataProperties.swift in Sources */,
				EAFE51801FF3553D00BB2A29 /* Constants.swift in Sources */,
				EAFE517E1FF2F19600BB2A29 /* TraveLocationsViewController.swift in Sources */,
				EAFE516E1FF2E81500BB2A29 /* Virtual_Tourist.xcdatamodeld in Sources */,
				EAFE51661FF2E81500BB2A29 /* AppDelegate.swift in Sources */,
				EA98B0911FF4374F002620DE /* Photo+CoreDataClass.swift in Sources */,
				EAFE51A91FF36AF600BB2A29 /* CoreDataCollectionViewController.swift in Sources */,
				EAFE51A21FF3691500BB2A29 /* Pin+CoreDataClass.swift in Sources */,
				EAFE51821FF35B2C00BB2A29 /* CollectionCollectionViewController.swift in Sources */,
				EAFE517B1FF2EC5200BB2A29 /* PhotoAlbumViewController.swift in Sources */,
				EA98B0951FF43B50002620DE /* photoViewCell.swift in Sources */,
			);
			runOnlyForDeploymentPostprocessing = 0;
		};
/* End PBXSourcesBuildPhase section */

/* Begin PBXVariantGroup section */
		EAFE51691FF2E81500BB2A29 /* Main.storyboard */ = {
			isa = PBXVariantGroup;
			children = (
				EAFE516A1FF2E81500BB2A29 /* Base */,
			);
			name = Main.storyboard;
			sourceTree = "<group>";
		};
		EAFE51711FF2E81500BB2A29 /* LaunchScreen.storyboard */ = {
			isa = PBXVariantGroup;
			children = (
				EAFE51721FF2E81500BB2A29 /* Base */,
			);
			name = LaunchScreen.storyboard;
			sourceTree = "<group>";
		};
/* End PBXVariantGroup section */

/* Begin XCBuildConfiguration section */
		EAFE51751FF2E81500BB2A29 /* Debug */ = {
			isa = XCBuildConfiguration;
			buildSettings = {
				ALWAYS_SEARCH_USER_PATHS = NO;
				CLANG_ANALYZER_NONNULL = YES;
				CLANG_ANALYZER_NUMBER_OBJECT_CONVERSION = YES_AGGRESSIVE;
				CLANG_CXX_LANGUAGE_STANDARD = "gnu++14";
				CLANG_CXX_LIBRARY = "libc++";
				CLANG_ENABLE_MODULES = YES;
				CLANG_ENABLE_OBJC_ARC = YES;
				CLANG_WARN_BLOCK_CAPTURE_AUTORELEASING = YES;
				CLANG_WARN_BOOL_CONVERSION = YES;
				CLANG_WARN_COMMA = YES;
				CLANG_WARN_CONSTANT_CONVERSION = YES;
				CLANG_WARN_DIRECT_OBJC_ISA_USAGE = YES_ERROR;
				CLANG_WARN_DOCUMENTATION_COMMENTS = YES;
				CLANG_WARN_EMPTY_BODY = YES;
				CLANG_WARN_ENUM_CONVERSION = YES;
				CLANG_WARN_INFINITE_RECURSION = YES;
				CLANG_WARN_INT_CONVERSION = YES;
				CLANG_WARN_NON_LITERAL_NULL_CONVERSION = YES;
				CLANG_WARN_OBJC_LITERAL_CONVERSION = YES;
				CLANG_WARN_OBJC_ROOT_CLASS = YES_ERROR;
				CLANG_WARN_RANGE_LOOP_ANALYSIS = YES;
				CLANG_WARN_STRICT_PROTOTYPES = YES;
				CLANG_WARN_SUSPICIOUS_MOVE = YES;
				CLANG_WARN_UNGUARDED_AVAILABILITY = YES_AGGRESSIVE;
				CLANG_WARN_UNREACHABLE_CODE = YES;
				CLANG_WARN__DUPLICATE_METHOD_MATCH = YES;
				CODE_SIGN_IDENTITY = "iPhone Developer";
				COPY_PHASE_STRIP = NO;
				DEBUG_INFORMATION_FORMAT = dwarf;
				ENABLE_STRICT_OBJC_MSGSEND = YES;
				ENABLE_TESTABILITY = YES;
				GCC_C_LANGUAGE_STANDARD = gnu11;
				GCC_DYNAMIC_NO_PIC = NO;
				GCC_NO_COMMON_BLOCKS = YES;
				GCC_OPTIMIZATION_LEVEL = 0;
				GCC_PREPROCESSOR_DEFINITIONS = (
					"DEBUG=1",
					"$(inherited)",
				);
				GCC_WARN_64_TO_32_BIT_CONVERSION = YES;
				GCC_WARN_ABOUT_RETURN_TYPE = YES_ERROR;
				GCC_WARN_UNDECLARED_SELECTOR = YES;
				GCC_WARN_UNINITIALIZED_AUTOS = YES_AGGRESSIVE;
				GCC_WARN_UNUSED_FUNCTION = YES;
				GCC_WARN_UNUSED_VARIABLE = YES;
				IPHONEOS_DEPLOYMENT_TARGET = 11.2;
				MTL_ENABLE_DEBUG_INFO = YES;
				ONLY_ACTIVE_ARCH = YES;
				SDKROOT = iphoneos;
				SWIFT_ACTIVE_COMPILATION_CONDITIONS = DEBUG;
				SWIFT_OPTIMIZATION_LEVEL = "-Onone";
			};
			name = Debug;
		};
		EAFE51761FF2E81500BB2A29 /* Release */ = {
			isa = XCBuildConfiguration;
			buildSettings = {
				ALWAYS_SEARCH_USER_PATHS = NO;
				CLANG_ANALYZER_NONNULL = YES;
				CLANG_ANALYZER_NUMBER_OBJECT_CONVERSION = YES_AGGRESSIVE;
				CLANG_CXX_LANGUAGE_STANDARD = "gnu++14";
				CLANG_CXX_LIBRARY = "libc++";
				CLANG_ENABLE_MODULES = YES;
				CLANG_ENABLE_OBJC_ARC = YES;
				CLANG_WARN_BLOCK_CAPTURE_AUTORELEASING = YES;
				CLANG_WARN_BOOL_CONVERSION = YES;
				CLANG_WARN_COMMA = YES;
				CLANG_WARN_CONSTANT_CONVERSION = YES;
				CLANG_WARN_DIRECT_OBJC_ISA_USAGE = YES_ERROR;
				CLANG_WARN_DOCUMENTATION_COMMENTS = YES;
				CLANG_WARN_EMPTY_BODY = YES;
				CLANG_WARN_ENUM_CONVERSION = YES;
				CLANG_WARN_INFINITE_RECURSION = YES;
				CLANG_WARN_INT_CONVERSION = YES;
				CLANG_WARN_NON_LITERAL_NULL_CONVERSION = YES;
				CLANG_WARN_OBJC_LITERAL_CONVERSION = YES;
				CLANG_WARN_OBJC_ROOT_CLASS = YES_ERROR;
				CLANG_WARN_RANGE_LOOP_ANALYSIS = YES;
				CLANG_WARN_STRICT_PROTOTYPES = YES;
				CLANG_WARN_SUSPICIOUS_MOVE = YES;
				CLANG_WARN_UNGUARDED_AVAILABILITY = YES_AGGRESSIVE;
				CLANG_WARN_UNREACHABLE_CODE = YES;
				CLANG_WARN__DUPLICATE_METHOD_MATCH = YES;
				CODE_SIGN_IDENTITY = "iPhone Developer";
				COPY_PHASE_STRIP = NO;
				DEBUG_INFORMATION_FORMAT = "dwarf-with-dsym";
				ENABLE_NS_ASSERTIONS = NO;
				ENABLE_STRICT_OBJC_MSGSEND = YES;
				GCC_C_LANGUAGE_STANDARD = gnu11;
				GCC_NO_COMMON_BLOCKS = YES;
				GCC_WARN_64_TO_32_BIT_CONVERSION = YES;
				GCC_WARN_ABOUT_RETURN_TYPE = YES_ERROR;
				GCC_WARN_UNDECLARED_SELECTOR = YES;
				GCC_WARN_UNINITIALIZED_AUTOS = YES_AGGRESSIVE;
				GCC_WARN_UNUSED_FUNCTION = YES;
				GCC_WARN_UNUSED_VARIABLE = YES;
				IPHONEOS_DEPLOYMENT_TARGET = 11.2;
				MTL_ENABLE_DEBUG_INFO = NO;
				SDKROOT = iphoneos;
				SWIFT_OPTIMIZATION_LEVEL = "-Owholemodule";
				VALIDATE_PRODUCT = YES;
			};
			name = Release;
		};
		EAFE51781FF2E81500BB2A29 /* Debug */ = {
			isa = XCBuildConfiguration;
			buildSettings = {
				ASSETCATALOG_COMPILER_APPICON_NAME = AppIcon;
				CODE_SIGN_STYLE = Automatic;
				INFOPLIST_FILE = "Virtual Tourist/Info.plist";
				LD_RUNPATH_SEARCH_PATHS = "$(inherited) @executable_path/Frameworks";
				PRODUCT_BUNDLE_IDENTIFIER = "Udacity.JamieNguyen.Virtual-Tourist";
				PRODUCT_NAME = "$(TARGET_NAME)";
				SWIFT_VERSION = 4.0;
				TARGETED_DEVICE_FAMILY = "1,2";
			};
			name = Debug;
		};
		EAFE51791FF2E81500BB2A29 /* Release */ = {
			isa = XCBuildConfiguration;
			buildSettings = {
				ASSETCATALOG_COMPILER_APPICON_NAME = AppIcon;
				CODE_SIGN_STYLE = Automatic;
				INFOPLIST_FILE = "Virtual Tourist/Info.plist";
				LD_RUNPATH_SEARCH_PATHS = "$(inherited) @executable_path/Frameworks";
				PRODUCT_BUNDLE_IDENTIFIER = "Udacity.JamieNguyen.Virtual-Tourist";
				PRODUCT_NAME = "$(TARGET_NAME)";
				SWIFT_VERSION = 4.0;
				TARGETED_DEVICE_FAMILY = "1,2";
			};
			name = Release;
		};
/* End XCBuildConfiguration section */

/* Begin XCConfigurationList section */
		EAFE515D1FF2E81500BB2A29 /* Build configuration list for PBXProject "Virtual Tourist" */ = {
			isa = XCConfigurationList;
			buildConfigurations = (
				EAFE51751FF2E81500BB2A29 /* Debug */,
				EAFE51761FF2E81500BB2A29 /* Release */,
			);
			defaultConfigurationIsVisible = 0;
			defaultConfigurationName = Release;
		};
		EAFE51771FF2E81500BB2A29 /* Build configuration list for PBXNativeTarget "Virtual Tourist" */ = {
			isa = XCConfigurationList;
			buildConfigurations = (
				EAFE51781FF2E81500BB2A29 /* Debug */,
				EAFE51791FF2E81500BB2A29 /* Release */,
			);
			defaultConfigurationIsVisible = 0;
			defaultConfigurationName = Release;
		};
/* End XCConfigurationList section */

/* Begin XCVersionGroup section */
		EAFE516C1FF2E81500BB2A29 /* Virtual_Tourist.xcdatamodeld */ = {
			isa = XCVersionGroup;
			children = (
				EA98B08E1FF42A9C002620DE /* Virtual_Tourist2.xcdatamodel */,
				EAFE516D1FF2E81500BB2A29 /* Virtual_Tourist.xcdatamodel */,
			);
			currentVersion = EA98B08E1FF42A9C002620DE /* Virtual_Tourist2.xcdatamodel */;
			path = Virtual_Tourist.xcdatamodeld;
			sourceTree = "<group>";
			versionGroupType = wrapper.xcdatamodel;
		};
/* End XCVersionGroup section */
	};
	rootObject = EAFE515A1FF2E81500BB2A29 /* Project object */;
}
